
Microsoft Visual Studio Solution File, Format Version 12.00
# Visual Studio Version 17
VisualStudioVersion = 17.0.31919.166
MinimumVisualStudioVersion = 10.0.40219.1
Project("{FAE04EC0-301F-11D3-BF4B-00C04F79EFBC}") = "Implement_RabbitMQ_Producer", "Implement_RabbitMQ_Producer\Implement_RabbitMQ_Producer.csproj", "{B247C29E-F1FA-46C8-B10D-01C6E674E0FD}"
EndProject
Project("{FAE04EC0-301F-11D3-BF4B-00C04F79EFBC}") = "Implement_RabbitMQ_Subscriber", "Implement_RabbitMQ_Subscriber\Implement_RabbitMQ_Subscriber.csproj", "{CBF7DCAC-E6AD-4996-B748-458D322735EF}"
EndProject
Global
	GlobalSection(SolutionConfigurationPlatforms) = preSolution
		Debug|Any CPU = Debug|Any CPU
		Release|Any CPU = Release|Any CPU
	EndGlobalSection
	GlobalSection(ProjectConfigurationPlatforms) = postSolution
		{B247C29E-F1FA-46C8-B10D-01C6E674E0FD}.Debug|Any CPU.ActiveCfg = Debug|Any CPU
		{B247C29E-F1FA-46C8-B10D-01C6E674E0FD}.Debug|Any CPU.Build.0 = Debug|Any CPU
		{B247C29E-F1FA-46C8-B10D-01C6E674E0FD}.Release|Any CPU.ActiveCfg = Release|Any CPU
		{B247C29E-F1FA-46C8-B10D-01C6E674E0FD}.Release|Any CPU.Build.0 = Release|Any CPU
		{CBF7DCAC-E6AD-4996-B748-458D322735EF}.Debug|Any CPU.ActiveCfg = Debug|Any CPU
		{CBF7DCAC-E6AD-4996-B748-458D322735EF}.Debug|Any CPU.Build.0 = Debug|Any CPU
		{CBF7DCAC-E6AD-4996-B748-458D322735EF}.Release|Any CPU.ActiveCfg = Release|Any CPU
		{CBF7DCAC-E6AD-4996-B748-458D322735EF}.Release|Any CPU.Build.0 = Release|Any CPU
	EndGlobalSection
	GlobalSection(SolutionProperties) = preSolution
		HideSolutionNode = FALSE
	EndGlobalSection
	GlobalSection(ExtensibilityGlobals) = postSolution
		SolutionGuid = {793DC2F0-367F-4E49-85E6-116B1704026D}
	EndGlobalSection
EndGlobal
